{
  "name": "test-node-esm",
  "lockfileVersion": 3,
  "requires": true,
  "packages": {
    "": {
      "name": "test-node-esm",
      "dependencies": {
        "@inariwatch/capture": "file:../.."
      }
    },
    "../..": {
      "name": "@inariwatch/capture",
      "version": "0.6.1",
      "license": "MIT",
      "bin": {
        "inariwatch-capture": "dist/cli.js"
      },
      "devDependencies": {
        "@types/node": "^25.5.0",
        "typescript": "^5.5.0"
      },
      "peerDependencies": {
        "rrweb": "^2.0.0"
      },
      "peerDependenciesMeta": {
        "rrweb": {
          "optional": true
        }
      }
    },
    "node_modules/@inariwatch/capture": {
      "resolved": "../..",
      "link": true
    }
  }
}
